
Microsoft Visual Studio Solution File, Format Version 12.00
# Visual Studio Version 17
VisualStudioVersion = 17.0.31903.59
MinimumVisualStudioVersion = 10.0.40219.1
Project("{FAE04EC0-301F-11D3-BF4B-00C04F79EFBC}") = "API", "API\API.csproj", "{63B78EC4-7325-42E6-95AB-678E6A6A7CCF}"
EndProject
Project("{FAE04EC0-301F-11D3-BF4B-00C04F79EFBC}") = "Persistence", "Persistence\Persistence.csproj", "{5A3E61C1-2488-412B-98B6-2A5AB37C3B4A}"
EndProject
Project("{FAE04EC0-301F-11D3-BF4B-00C04F79EFBC}") = "Domain", "Domain\Domain.csproj", "{B9012E27-814A-4CF9-BB89-F2EC4168EAA6}"
EndProject
Project("{FAE04EC0-301F-11D3-BF4B-00C04F79EFBC}") = "Application", "Application\Application.csproj", "{A119C484-0C1E-434A-8E45-429CF2F713F3}"
EndProject
Project("{FAE04EC0-301F-11D3-BF4B-00C04F79EFBC}") = "Infrastructure", "Infrastructure\Infrastructure.csproj", "{925391B6-E52E-4A1B-BF7E-EBCCA622C754}"
EndProject
Global
	GlobalSection(SolutionConfigurationPlatforms) = preSolution
		Debug|Any CPU = Debug|Any CPU
		Release|Any CPU = Release|Any CPU
	EndGlobalSection
	GlobalSection(SolutionProperties) = preSolution
		HideSolutionNode = FALSE
	EndGlobalSection
	GlobalSection(ProjectConfigurationPlatforms) = postSolution
		{63B78EC4-7325-42E6-95AB-678E6A6A7CCF}.Debug|Any CPU.ActiveCfg = Debug|Any CPU
		{63B78EC4-7325-42E6-95AB-678E6A6A7CCF}.Debug|Any CPU.Build.0 = Debug|Any CPU
		{63B78EC4-7325-42E6-95AB-678E6A6A7CCF}.Release|Any CPU.ActiveCfg = Release|Any CPU
		{63B78EC4-7325-42E6-95AB-678E6A6A7CCF}.Release|Any CPU.Build.0 = Release|Any CPU
		{5A3E61C1-2488-412B-98B6-2A5AB37C3B4A}.Debug|Any CPU.ActiveCfg = Debug|Any CPU
		{5A3E61C1-2488-412B-98B6-2A5AB37C3B4A}.Debug|Any CPU.Build.0 = Debug|Any CPU
		{5A3E61C1-2488-412B-98B6-2A5AB37C3B4A}.Release|Any CPU.ActiveCfg = Release|Any CPU
		{5A3E61C1-2488-412B-98B6-2A5AB37C3B4A}.Release|Any CPU.Build.0 = Release|Any CPU
		{B9012E27-814A-4CF9-BB89-F2EC4168EAA6}.Debug|Any CPU.ActiveCfg = Debug|Any CPU
		{B9012E27-814A-4CF9-BB89-F2EC4168EAA6}.Debug|Any CPU.Build.0 = Debug|Any CPU
		{B9012E27-814A-4CF9-BB89-F2EC4168EAA6}.Release|Any CPU.ActiveCfg = Release|Any CPU
		{B9012E27-814A-4CF9-BB89-F2EC4168EAA6}.Release|Any CPU.Build.0 = Release|Any CPU
		{A119C484-0C1E-434A-8E45-429CF2F713F3}.Debug|Any CPU.ActiveCfg = Debug|Any CPU
		{A119C484-0C1E-434A-8E45-429CF2F713F3}.Debug|Any CPU.Build.0 = Debug|Any CPU
		{A119C484-0C1E-434A-8E45-429CF2F713F3}.Release|Any CPU.ActiveCfg = Release|Any CPU
		{A119C484-0C1E-434A-8E45-429CF2F713F3}.Release|Any CPU.Build.0 = Release|Any CPU
		{925391B6-E52E-4A1B-BF7E-EBCCA622C754}.Debug|Any CPU.ActiveCfg = Debug|Any CPU
		{925391B6-E52E-4A1B-BF7E-EBCCA622C754}.Debug|Any CPU.Build.0 = Debug|Any CPU
		{925391B6-E52E-4A1B-BF7E-EBCCA622C754}.Release|Any CPU.ActiveCfg = Release|Any CPU
		{925391B6-E52E-4A1B-BF7E-EBCCA622C754}.Release|Any CPU.Build.0 = Release|Any CPU
	EndGlobalSection
EndGlobal
